# This file was autogenerated by Stack.
# You should not edit this file by hand.
# For more information, please see the documentation at:
#   https://docs.haskellstack.org/en/stable/lock_files

packages: []
snapshots:
- completed:
    sha256: 16fe5e86c91d11567ee29b2fd633363c8414b3d9b4a76c29a980ea1c6d844e7c
    size: 712578
    url: https://raw.githubusercontent.com/commercialhaskell/stackage-snapshots/master/nightly/2023/12/10.yaml
  original: nightly-2023-12-10
