# This file was autogenerated by Stack.
# You should not edit this file by hand.
# For more information, please see the documentation at:
#   https://docs.haskellstack.org/en/stable/lock_files

packages: []
snapshots:
- completed:
    size: 634325
    url: https://raw.githubusercontent.com/commercialhaskell/stackage-snapshots/master/nightly/2022/9/12.yaml
    sha256: 3ab93824b4b7762440c14496477e8aaa0be7d2f92ce44a16d13d46b8f1fbaeaa
  original: nightly-2022-09-12
